
Microsoft Visual Studio Solution File, Format Version 12.00
# Visual Studio Version 17
VisualStudioVersion = 17.4.33205.214
MinimumVisualStudioVersion = 10.0.40219.1
Project("{F2A71F9B-5D33-465A-A702-920D77279786}") = "Assignment_4", "Assignment_4\Assignment_4.fsproj", "{EA476A9B-E9BB-4236-9B0F-AA29E65A9662}"
EndProject
Global
	GlobalSection(SolutionConfigurationPlatforms) = preSolution
		Debug|Any CPU = Debug|Any CPU
		Release|Any CPU = Release|Any CPU
	EndGlobalSection
	GlobalSection(ProjectConfigurationPlatforms) = postSolution
		{EA476A9B-E9BB-4236-9B0F-AA29E65A9662}.Debug|Any CPU.ActiveCfg = Debug|Any CPU
		{EA476A9B-E9BB-4236-9B0F-AA29E65A9662}.Debug|Any CPU.Build.0 = Debug|Any CPU
		{EA476A9B-E9BB-4236-9B0F-AA29E65A9662}.Release|Any CPU.ActiveCfg = Release|Any CPU
		{EA476A9B-E9BB-4236-9B0F-AA29E65A9662}.Release|Any CPU.Build.0 = Release|Any CPU
	EndGlobalSection
	GlobalSection(SolutionProperties) = preSolution
		HideSolutionNode = FALSE
	EndGlobalSection
	GlobalSection(ExtensibilityGlobals) = postSolution
		SolutionGuid = {FBB4E0DB-6E57-4C2E-A446-DF9BD9B19C3E}
	EndGlobalSection
EndGlobal
